{
  "name": "timetracking",
  "version": "0.0.0-beta.0",
  "lockfileVersion": 1,
  "requires": true,
  "dependencies": {
    "@types/node": {
      "version": "8.0.24",
      "resolved": "https://registry.npmjs.org/@types/node/-/node-8.0.24.tgz",
      "integrity": "sha512-c3Npme+2JGqxW8+B+aXdN5SPIlCf1C8WxQC6Ea39rO/ASPosnMkWVR16mDJtRE+2dr2xwOQ7DiLxb+wO/TWuPg=="
    },
    "commander": {
      "version": "2.11.0",
      "resolved": "https://registry.npmjs.org/commander/-/commander-2.11.0.tgz",
      "integrity": "sha512-b0553uYA5YAEGgyYIGYROzKQ7X5RAqedkfjiZxwi0kL1g3bOaBNNZfYkzt/CL0umgD5wc9Jec2FbB98CjkMRvQ=="
    },
    "typescript": {
      "version": "2.4.2",
      "resolved": "https://registry.npmjs.org/typescript/-/typescript-2.4.2.tgz",
      "integrity": "sha1-+DlfhdRZJ2BnyYiqQYN6j4KHCEQ=",
      "dev": true
    }
  }
}
